
Microsoft Visual Studio Solution File, Format Version 12.00
# Visual Studio 2012
Project("{FAE04EC0-301F-11D3-BF4B-00C04F79EFBC}") = "FagNet.Core", "FagNet.Core\FagNet.Core.csproj", "{ECCF4EBF-8042-4007-AC89-17C09DB162F0}"
EndProject
Project("{FAE04EC0-301F-11D3-BF4B-00C04F79EFBC}") = "FagNetAuth", "FagNetAuth\FagNetAuth.csproj", "{9F9E570A-932B-4202-A010-A98EB2CAA4D5}"
EndProject
Project("{FAE04EC0-301F-11D3-BF4B-00C04F79EFBC}") = "FagNetChat", "FagNetChat\FagNetChat.csproj", "{CD64A2C3-89AC-4ED5-BCA9-D339D94A00F6}"
EndProject
Project("{FAE04EC0-301F-11D3-BF4B-00C04F79EFBC}") = "FagNetGame", "FagNetGame\FagNetGame.csproj", "{75272FD8-A514-4173-83E8-C6D50747EAA0}"
EndProject
Project("{FAE04EC0-301F-11D3-BF4B-00C04F79EFBC}") = "FagNetRelay", "FagNetRelay\FagNetRelay.csproj", "{D8D22061-8B4A-41A4-8996-03812687E4B4}"
EndProject
Global
	GlobalSection(SolutionConfigurationPlatforms) = preSolution
		Debug|Any CPU = Debug|Any CPU
		Release|Any CPU = Release|Any CPU
	EndGlobalSection
	GlobalSection(ProjectConfigurationPlatforms) = postSolution
		{ECCF4EBF-8042-4007-AC89-17C09DB162F0}.Debug|Any CPU.ActiveCfg = Debug|Any CPU
		{ECCF4EBF-8042-4007-AC89-17C09DB162F0}.Debug|Any CPU.Build.0 = Debug|Any CPU
		{ECCF4EBF-8042-4007-AC89-17C09DB162F0}.Release|Any CPU.ActiveCfg = Release|Any CPU
		{ECCF4EBF-8042-4007-AC89-17C09DB162F0}.Release|Any CPU.Build.0 = Release|Any CPU
		{9F9E570A-932B-4202-A010-A98EB2CAA4D5}.Debug|Any CPU.ActiveCfg = Debug|Any CPU
		{9F9E570A-932B-4202-A010-A98EB2CAA4D5}.Debug|Any CPU.Build.0 = Debug|Any CPU
		{9F9E570A-932B-4202-A010-A98EB2CAA4D5}.Release|Any CPU.ActiveCfg = Release|Any CPU
		{9F9E570A-932B-4202-A010-A98EB2CAA4D5}.Release|Any CPU.Build.0 = Release|Any CPU
		{CD64A2C3-89AC-4ED5-BCA9-D339D94A00F6}.Debug|Any CPU.ActiveCfg = Debug|Any CPU
		{CD64A2C3-89AC-4ED5-BCA9-D339D94A00F6}.Debug|Any CPU.Build.0 = Debug|Any CPU
		{CD64A2C3-89AC-4ED5-BCA9-D339D94A00F6}.Release|Any CPU.ActiveCfg = Release|Any CPU
		{CD64A2C3-89AC-4ED5-BCA9-D339D94A00F6}.Release|Any CPU.Build.0 = Release|Any CPU
		{75272FD8-A514-4173-83E8-C6D50747EAA0}.Debug|Any CPU.ActiveCfg = Debug|Any CPU
		{75272FD8-A514-4173-83E8-C6D50747EAA0}.Debug|Any CPU.Build.0 = Debug|Any CPU
		{75272FD8-A514-4173-83E8-C6D50747EAA0}.Release|Any CPU.ActiveCfg = Release|Any CPU
		{75272FD8-A514-4173-83E8-C6D50747EAA0}.Release|Any CPU.Build.0 = Release|Any CPU
		{D8D22061-8B4A-41A4-8996-03812687E4B4}.Debug|Any CPU.ActiveCfg = Debug|Any CPU
		{D8D22061-8B4A-41A4-8996-03812687E4B4}.Debug|Any CPU.Build.0 = Debug|Any CPU
		{D8D22061-8B4A-41A4-8996-03812687E4B4}.Release|Any CPU.ActiveCfg = Release|Any CPU
		{D8D22061-8B4A-41A4-8996-03812687E4B4}.Release|Any CPU.Build.0 = Release|Any CPU
	EndGlobalSection
	GlobalSection(SolutionProperties) = preSolution
		HideSolutionNode = FALSE
	EndGlobalSection
EndGlobal
